// !$*UTF8*$!
{
	archiveVersion = 1;
	classes = {
	};
	objectVersion = 56;
	objects = {

/* Begin PBXBuildFile section */
		AB128DDD2B55C01F00079679 /* iOSKinesteXB2BApp.swift in Sources */ = {isa = PBXBuildFile; fileRef = AB128DDC2B55C01F00079679 /* iOSKinesteXB2BApp.swift */; };
		AB128DDF2B55C01F00079679 /* ContentView.swift in Sources */ = {isa = PBXBuildFile; fileRef = AB128DDE2B55C01F00079679 /* ContentView.swift */; };
		AB128DE12B55C02100079679 /* Assets.xcassets in Resources */ = {isa = PBXBuildFile; fileRef = AB128DE02B55C02100079679 /* Assets.xcassets */; };
		AB128DE52B55C02100079679 /* Preview Assets.xcassets in Resources */ = {isa = PBXBuildFile; fileRef = AB128DE42B55C02100079679 /* Preview Assets.xcassets */; };
		AB128DEF2B55C02100079679 /* iOSKinesteXB2BTests.swift in Sources */ = {isa = PBXBuildFile; fileRef = AB128DEE2B55C02100079679 /* iOSKinesteXB2BTests.swift */; };
		AB128DF92B55C02100079679 /* iOSKinesteXB2BUITests.swift in Sources */ = {isa = PBXBuildFile; fileRef = AB128DF82B55C02100079679 /* iOSKinesteXB2BUITests.swift */; };
		AB128DFB2B55C02100079679 /* iOSKinesteXB2BUITestsLaunchTests.swift in Sources */ = {isa = PBXBuildFile; fileRef = AB128DFA2B55C02100079679 /* iOSKinesteXB2BUITestsLaunchTests.swift */; };
		AB128E082B55C04800079679 /* yoga_animation.json in Resources */ = {isa = PBXBuildFile; fileRef = AB128E072B55C04800079679 /* yoga_animation.json */; };
		AB128E0B2B55C1A400079679 /* LottieView.swift in Sources */ = {isa = PBXBuildFile; fileRef = AB128E0A2B55C1A400079679 /* LottieView.swift */; };
		AB128E0E2B55C1BA00079679 /* Lottie in Frameworks */ = {isa = PBXBuildFile; productRef = AB128E0D2B55C1BA00079679 /* Lottie */; };
		AB128E102B55C53000079679 /* ContentViewModel.swift in Sources */ = {isa = PBXBuildFile; fileRef = AB128E0F2B55C53000079679 /* ContentViewModel.swift */; };
		AB128E122B55C5A400079679 /* WebView.swift in Sources */ = {isa = PBXBuildFile; fileRef = AB128E112B55C5A400079679 /* WebView.swift */; };
		AB128E142B55C5C800079679 /* FeatureItem.swift in Sources */ = {isa = PBXBuildFile; fileRef = AB128E132B55C5C800079679 /* FeatureItem.swift */; };
		AB128E162B55C82800079679 /* LottieAnimation.swift in Sources */ = {isa = PBXBuildFile; fileRef = AB128E152B55C82700079679 /* LottieAnimation.swift */; };
/* End PBXBuildFile section */

/* Begin PBXContainerItemProxy section */
		AB128DEB2B55C02100079679 /* PBXContainerItemProxy */ = {
			isa = PBXContainerItemProxy;
			containerPortal = AB128DD12B55C01F00079679 /* Project object */;
			proxyType = 1;
			remoteGlobalIDString = AB128DD82B55C01F00079679;
			remoteInfo = iOSKinesteXB2B;
		};
		AB128DF52B55C02100079679 /* PBXContainerItemProxy */ = {
			isa = PBXContainerItemProxy;
			containerPortal = AB128DD12B55C01F00079679 /* Project object */;
			proxyType = 1;
			remoteGlobalIDString = AB128DD82B55C01F00079679;
			remoteInfo = iOSKinesteXB2B;
		};
/* End PBXContainerItemProxy section */

/* Begin PBXFileReference section */
		AB128DD92B55C01F00079679 /* iOSKinesteXB2B.app */ = {isa = PBXFileReference; explicitFileType = wrapper.application; includeInIndex = 0; path = iOSKinesteXB2B.app; sourceTree = BUILT_PRODUCTS_DIR; };
		AB128DDC2B55C01F00079679 /* iOSKinesteXB2BApp.swift */ = {isa = PBXFileReference; lastKnownFileType = sourcecode.swift; path = iOSKinesteXB2BApp.swift; sourceTree = "<group>"; };
		AB128DDE2B55C01F00079679 /* ContentView.swift */ = {isa = PBXFileReference; lastKnownFileType = sourcecode.swift; path = ContentView.swift; sourceTree = "<group>"; };
		AB128DE02B55C02100079679 /* Assets.xcassets */ = {isa = PBXFileReference; lastKnownFileType = folder.assetcatalog; path = Assets.xcassets; sourceTree = "<group>"; };
		AB128DE22B55C02100079679 /* iOSKinesteXB2B.entitlements */ = {isa = PBXFileReference; lastKnownFileType = text.plist.entitlements; path = iOSKinesteXB2B.entitlements; sourceTree = "<group>"; };
		AB128DE42B55C02100079679 /* Preview Assets.xcassets */ = {isa = PBXFileReference; lastKnownFileType = folder.assetcatalog; path = "Preview Assets.xcassets"; sourceTree = "<group>"; };
		AB128DEA2B55C02100079679 /* iOSKinesteXB2BTests.xctest */ = {isa = PBXFileReference; explicitFileType = wrapper.cfbundle; includeInIndex = 0; path = iOSKinesteXB2BTests.xctest; sourceTree = BUILT_PRODUCTS_DIR; };
		AB128DEE2B55C02100079679 /* iOSKinesteXB2BTests.swift */ = {isa = PBXFileReference; lastKnownFileType = sourcecode.swift; path = iOSKinesteXB2BTests.swift; sourceTree = "<group>"; };
		AB128DF42B55C02100079679 /* iOSKinesteXB2BUITests.xctest */ = {isa = PBXFileReference; explicitFileType = wrapper.cfbundle; includeInIndex = 0; path = iOSKinesteXB2BUITests.xctest; sourceTree = BUILT_PRODUCTS_DIR; };
		AB128DF82B55C02100079679 /* iOSKinesteXB2BUITests.swift */ = {isa = PBXFileReference; lastKnownFileType = sourcecode.swift; path = iOSKinesteXB2BUITests.swift; sourceTree = "<group>"; };
		AB128DFA2B55C02100079679 /* iOSKinesteXB2BUITestsLaunchTests.swift */ = {isa = PBXFileReference; lastKnownFileType = sourcecode.swift; path = iOSKinesteXB2BUITestsLaunchTests.swift; sourceTree = "<group>"; };
		AB128E072B55C04800079679 /* yoga_animation.json */ = {isa = PBXFileReference; fileEncoding = 4; lastKnownFileType = text.json; path = yoga_animation.json; sourceTree = "<group>"; };
		AB128E0A2B55C1A400079679 /* LottieView.swift */ = {isa = PBXFileReference; lastKnownFileType = sourcecode.swift; path = LottieView.swift; sourceTree = "<group>"; };
		AB128E0F2B55C53000079679 /* ContentViewModel.swift */ = {isa = PBXFileReference; lastKnownFileType = sourcecode.swift; path = ContentViewModel.swift; sourceTree = "<group>"; };
		AB128E112B55C5A400079679 /* WebView.swift */ = {isa = PBXFileReference; lastKnownFileType = sourcecode.swift; path = WebView.swift; sourceTree = "<group>"; };
		AB128E132B55C5C800079679 /* FeatureItem.swift */ = {isa = PBXFileReference; lastKnownFileType = sourcecode.swift; path = FeatureItem.swift; sourceTree = "<group>"; };
		AB128E152B55C82700079679 /* LottieAnimation.swift */ = {isa = PBXFileReference; lastKnownFileType = sourcecode.swift; path = LottieAnimation.swift; sourceTree = "<group>"; };
/* End PBXFileReference section */

/* Begin PBXFrameworksBuildPhase section */
		AB128DD62B55C01F00079679 /* Frameworks */ = {
			isa = PBXFrameworksBuildPhase;
			buildActionMask = 2147483647;
			files = (
				AB128E0E2B55C1BA00079679 /* Lottie in Frameworks */,
			);
			runOnlyForDeploymentPostprocessing = 0;
		};
		AB128DE72B55C02100079679 /* Frameworks */ = {
			isa = PBXFrameworksBuildPhase;
			buildActionMask = 2147483647;
			files = (
			);
			runOnlyForDeploymentPostprocessing = 0;
		};
		AB128DF12B55C02100079679 /* Frameworks */ = {
			isa = PBXFrameworksBuildPhase;
			buildActionMask = 2147483647;
			files = (
			);
			runOnlyForDeploymentPostprocessing = 0;
		};
/* End PBXFrameworksBuildPhase section */

/* Begin PBXGroup section */
		AB128DD02B55C01F00079679 = {
			isa = PBXGroup;
			children = (
				AB128DDB2B55C01F00079679 /* iOSKinesteXB2B */,
				AB128DED2B55C02100079679 /* iOSKinesteXB2BTests */,
				AB128DF72B55C02100079679 /* iOSKinesteXB2BUITests */,
				AB128DDA2B55C01F00079679 /* Products */,
			);
			sourceTree = "<group>";
		};
		AB128DDA2B55C01F00079679 /* Products */ = {
			isa = PBXGroup;
			children = (
				AB128DD92B55C01F00079679 /* iOSKinesteXB2B.app */,
				AB128DEA2B55C02100079679 /* iOSKinesteXB2BTests.xctest */,
				AB128DF42B55C02100079679 /* iOSKinesteXB2BUITests.xctest */,
			);
			name = Products;
			sourceTree = "<group>";
		};
		AB128DDB2B55C01F00079679 /* iOSKinesteXB2B */ = {
			isa = PBXGroup;
			children = (
				AB128E072B55C04800079679 /* yoga_animation.json */,
				AB128DDC2B55C01F00079679 /* iOSKinesteXB2BApp.swift */,
				AB128DDE2B55C01F00079679 /* ContentView.swift */,
				AB128E112B55C5A400079679 /* WebView.swift */,
				AB128DE02B55C02100079679 /* Assets.xcassets */,
				AB128DE22B55C02100079679 /* iOSKinesteXB2B.entitlements */,
				AB128DE32B55C02100079679 /* Preview Content */,
				AB128E0A2B55C1A400079679 /* LottieView.swift */,
				AB128E0F2B55C53000079679 /* ContentViewModel.swift */,
				AB128E132B55C5C800079679 /* FeatureItem.swift */,
				AB128E152B55C82700079679 /* LottieAnimation.swift */,
			);
			path = iOSKinesteXB2B;
			sourceTree = "<group>";
		};
		AB128DE32B55C02100079679 /* Preview Content */ = {
			isa = PBXGroup;
			children = (
				AB128DE42B55C02100079679 /* Preview Assets.xcassets */,
			);
			path = "Preview Content";
			sourceTree = "<group>";
		};
		AB128DED2B55C02100079679 /* iOSKinesteXB2BTests */ = {
			isa = PBXGroup;
			children = (
				AB128DEE2B55C02100079679 /* iOSKinesteXB2BTests.swift */,
			);
			path = iOSKinesteXB2BTests;
			sourceTree = "<group>";
		};
		AB128DF72B55C02100079679 /* iOSKinesteXB2BUITests */ = {
			isa = PBXGroup;
			children = (
				AB128DF82B55C02100079679 /* iOSKinesteXB2BUITests.swift */,
				AB128DFA2B55C02100079679 /* iOSKinesteXB2BUITestsLaunchTests.swift */,
			);
			path = iOSKinesteXB2BUITests;
			sourceTree = "<group>";
		};
/* End PBXGroup section */

/* Begin PBXNativeTarget section */
		AB128DD82B55C01F00079679 /* iOSKinesteXB2B */ = {
			isa = PBXNativeTarget;
			buildConfigurationList = AB128DFE2B55C02100079679 /* Build configuration list for PBXNativeTarget "iOSKinesteXB2B" */;
			buildPhases = (
				AB128DD52B55C01F00079679 /* Sources */,
				AB128DD62B55C01F00079679 /* Frameworks */,
				AB128DD72B55C01F00079679 /* Resources */,
			);
			buildRules = (
			);
			dependencies = (
			);
			name = iOSKinesteXB2B;
			packageProductDependencies = (
				AB128E0D2B55C1BA00079679 /* Lottie */,
			);
			productName = iOSKinesteXB2B;
			productReference = AB128DD92B55C01F00079679 /* iOSKinesteXB2B.app */;
			productType = "com.apple.product-type.application";
		};
		AB128DE92B55C02100079679 /* iOSKinesteXB2BTests */ = {
			isa = PBXNativeTarget;
			buildConfigurationList = AB128E012B55C02100079679 /* Build configuration list for PBXNativeTarget "iOSKinesteXB2BTests" */;
			buildPhases = (
				AB128DE62B55C02100079679 /* Sources */,
				AB128DE72B55C02100079679 /* Frameworks */,
				AB128DE82B55C02100079679 /* Resources */,
			);
			buildRules = (
			);
			dependencies = (
				AB128DEC2B55C02100079679 /* PBXTargetDependency */,
			);
			name = iOSKinesteXB2BTests;
			productName = iOSKinesteXB2BTests;
			productReference = AB128DEA2B55C02100079679 /* iOSKinesteXB2BTests.xctest */;
			productType = "com.apple.product-type.bundle.unit-test";
		};
		AB128DF32B55C02100079679 /* iOSKinesteXB2BUITests */ = {
			isa = PBXNativeTarget;
			buildConfigurationList = AB128E042B55C02100079679 /* Build configuration list for PBXNativeTarget "iOSKinesteXB2BUITests" */;
			buildPhases = (
				AB128DF02B55C02100079679 /* Sources */,
				AB128DF12B55C02100079679 /* Frameworks */,
				AB128DF22B55C02100079679 /* Resources */,
			);
			buildRules = (
			);
			dependencies = (
				AB128DF62B55C02100079679 /* PBXTargetDependency */,
			);
			name = iOSKinesteXB2BUITests;
			productName = iOSKinesteXB2BUITests;
			productReference = AB128DF42B55C02100079679 /* iOSKinesteXB2BUITests.xctest */;
			productType = "com.apple.product-type.bundle.ui-testing";
		};
/* End PBXNativeTarget section */

/* Begin PBXProject section */
		AB128DD12B55C01F00079679 /* Project object */ = {
			isa = PBXProject;
			attributes = {
				BuildIndependentTargetsInParallel = 1;
				LastSwiftUpdateCheck = 1500;
				LastUpgradeCheck = 1500;
				TargetAttributes = {
					AB128DD82B55C01F00079679 = {
						CreatedOnToolsVersion = 15.0;
					};
					AB128DE92B55C02100079679 = {
						CreatedOnToolsVersion = 15.0;
						TestTargetID = AB128DD82B55C01F00079679;
					};
					AB128DF32B55C02100079679 = {
						CreatedOnToolsVersion = 15.0;
						TestTargetID = AB128DD82B55C01F00079679;
					};
				};
			};
			buildConfigurationList = AB128DD42B55C01F00079679 /* Build configuration list for PBXProject "iOSKinesteXB2B" */;
			compatibilityVersion = "Xcode 14.0";
			developmentRegion = en;
			hasScannedForEncodings = 0;
			knownRegions = (
				en,
				Base,
			);
			mainGroup = AB128DD02B55C01F00079679;
			packageReferences = (
				AB128E0C2B55C1BA00079679 /* XCRemoteSwiftPackageReference "lottie-ios" */,
			);
			productRefGroup = AB128DDA2B55C01F00079679 /* Products */;
			projectDirPath = "";
			projectRoot = "";
			targets = (
				AB128DD82B55C01F00079679 /* iOSKinesteXB2B */,
				AB128DE92B55C02100079679 /* iOSKinesteXB2BTests */,
				AB128DF32B55C02100079679 /* iOSKinesteXB2BUITests */,
			);
		};
/* End PBXProject section */

/* Begin PBXResourcesBuildPhase section */
		AB128DD72B55C01F00079679 /* Resources */ = {
			isa = PBXResourcesBuildPhase;
			buildActionMask = 2147483647;
			files = (
				AB128E082B55C04800079679 /* yoga_animation.json in Resources */,
				AB128DE52B55C02100079679 /* Preview Assets.xcassets in Resources */,
				AB128DE12B55C02100079679 /* Assets.xcassets in Resources */,
			);
			runOnlyForDeploymentPostprocessing = 0;
		};
		AB128DE82B55C02100079679 /* Resources */ = {
			isa = PBXResourcesBuildPhase;
			buildActionMask = 2147483647;
			files = (
			);
			runOnlyForDeploymentPostprocessing = 0;
		};
		AB128DF22B55C02100079679 /* Resources */ = {
			isa = PBXResourcesBuildPhase;
			buildActionMask = 2147483647;
			files = (
			);
			runOnlyForDeploymentPostprocessing = 0;
		};
/* End PBXResourcesBuildPhase section */

/* Begin PBXSourcesBuildPhase section */
		AB128DD52B55C01F00079679 /* Sources */ = {
			isa = PBXSourcesBuildPhase;
			buildActionMask = 2147483647;
			files = (
				AB128E102B55C53000079679 /* ContentViewModel.swift in Sources */,
				AB128E122B55C5A400079679 /* WebView.swift in Sources */,
				AB128DDF2B55C01F00079679 /* ContentView.swift in Sources */,
				AB128DDD2B55C01F00079679 /* iOSKinesteXB2BApp.swift in Sources */,
				AB128E0B2B55C1A400079679 /* LottieView.swift in Sources */,
				AB128E162B55C82800079679 /* LottieAnimation.swift in Sources */,
				AB128E142B55C5C800079679 /* FeatureItem.swift in Sources */,
			);
			runOnlyForDeploymentPostprocessing = 0;
		};
		AB128DE62B55C02100079679 /* Sources */ = {
			isa = PBXSourcesBuildPhase;
			buildActionMask = 2147483647;
			files = (
				AB128DEF2B55C02100079679 /* iOSKinesteXB2BTests.swift in Sources */,
			);
			runOnlyForDeploymentPostprocessing = 0;
		};
		AB128DF02B55C02100079679 /* Sources */ = {
			isa = PBXSourcesBuildPhase;
			buildActionMask = 2147483647;
			files = (
				AB128DFB2B55C02100079679 /* iOSKinesteXB2BUITestsLaunchTests.swift in Sources */,
				AB128DF92B55C02100079679 /* iOSKinesteXB2BUITests.swift in Sources */,
			);
			runOnlyForDeploymentPostprocessing = 0;
		};
/* End PBXSourcesBuildPhase section */

/* Begin PBXTargetDependency section */
		AB128DEC2B55C02100079679 /* PBXTargetDependency */ = {
			isa = PBXTargetDependency;
			target = AB128DD82B55C01F00079679 /* iOSKinesteXB2B */;
			targetProxy = AB128DEB2B55C02100079679 /* PBXContainerItemProxy */;
		};
		AB128DF62B55C02100079679 /* PBXTargetDependency */ = {
			isa = PBXTargetDependency;
			target = AB128DD82B55C01F00079679 /* iOSKinesteXB2B */;
			targetProxy = AB128DF52B55C02100079679 /* PBXContainerItemProxy */;
		};
/* End PBXTargetDependency section */

/* Begin XCBuildConfiguration section */
		AB128DFC2B55C02100079679 /* Debug */ = {
			isa = XCBuildConfiguration;
			buildSettings = {
				ALWAYS_SEARCH_USER_PATHS = NO;
				ASSETCATALOG_COMPILER_GENERATE_SWIFT_ASSET_SYMBOL_EXTENSIONS = YES;
				CLANG_ANALYZER_NONNULL = YES;
				CLANG_ANALYZER_NUMBER_OBJECT_CONVERSION = YES_AGGRESSIVE;
				CLANG_CXX_LANGUAGE_STANDARD = "gnu++20";
				CLANG_ENABLE_MODULES = YES;
				CLANG_ENABLE_OBJC_ARC = YES;
				CLANG_ENABLE_OBJC_WEAK = YES;
				CLANG_WARN_BLOCK_CAPTURE_AUTORELEASING = YES;
				CLANG_WARN_BOOL_CONVERSION = YES;
				CLANG_WARN_COMMA = YES;
				CLANG_WARN_CONSTANT_CONVERSION = YES;
				CLANG_WARN_DEPRECATED_OBJC_IMPLEMENTATIONS = YES;
				CLANG_WARN_DIRECT_OBJC_ISA_USAGE = YES_ERROR;
				CLANG_WARN_DOCUMENTATION_COMMENTS = YES;
				CLANG_WARN_EMPTY_BODY = YES;
				CLANG_WARN_ENUM_CONVERSION = YES;
				CLANG_WARN_INFINITE_RECURSION = YES;
				CLANG_WARN_INT_CONVERSION = YES;
				CLANG_WARN_NON_LITERAL_NULL_CONVERSION = YES;
				CLANG_WARN_OBJC_IMPLICIT_RETAIN_SELF = YES;
				CLANG_WARN_OBJC_LITERAL_CONVERSION = YES;
				CLANG_WARN_OBJC_ROOT_CLASS = YES_ERROR;
				CLANG_WARN_QUOTED_INCLUDE_IN_FRAMEWORK_HEADER = YES;
				CLANG_WARN_RANGE_LOOP_ANALYSIS = YES;
				CLANG_WARN_STRICT_PROTOTYPES = YES;
				CLANG_WARN_SUSPICIOUS_MOVE = YES;
				CLANG_WARN_UNGUARDED_AVAILABILITY = YES_AGGRESSIVE;
				CLANG_WARN_UNREACHABLE_CODE = YES;
				CLANG_WARN__DUPLICATE_METHOD_MATCH = YES;
				COPY_PHASE_STRIP = NO;
				DEBUG_INFORMATION_FORMAT = dwarf;
				ENABLE_STRICT_OBJC_MSGSEND = YES;
				ENABLE_TESTABILITY = YES;
				ENABLE_USER_SCRIPT_SANDBOXING = YES;
				GCC_C_LANGUAGE_STANDARD = gnu17;
				GCC_DYNAMIC_NO_PIC = NO;
				GCC_NO_COMMON_BLOCKS = YES;
				GCC_OPTIMIZATION_LEVEL = 0;
				GCC_PREPROCESSOR_DEFINITIONS = (
					"DEBUG=1",
					"$(inherited)",
				);
				GCC_WARN_64_TO_32_BIT_CONVERSION = YES;
				GCC_WARN_ABOUT_RETURN_TYPE = YES_ERROR;
				GCC_WARN_UNDECLARED_SELECTOR = YES;
				GCC_WARN_UNINITIALIZED_AUTOS = YES_AGGRESSIVE;
				GCC_WARN_UNUSED_FUNCTION = YES;
				GCC_WARN_UNUSED_VARIABLE = YES;
				LOCALIZATION_PREFERS_STRING_CATALOGS = YES;
				MTL_ENABLE_DEBUG_INFO = INCLUDE_SOURCE;
				MTL_FAST_MATH = YES;
				ONLY_ACTIVE_ARCH = YES;
				SWIFT_ACTIVE_COMPILATION_CONDITIONS = "DEBUG $(inherited)";
				SWIFT_OPTIMIZATION_LEVEL = "-Onone";
			};
			name = Debug;
		};
		AB128DFD2B55C02100079679 /* Release */ = {
			isa = XCBuildConfiguration;
			buildSettings = {
				ALWAYS_SEARCH_USER_PATHS = NO;
				ASSETCATALOG_COMPILER_GENERATE_SWIFT_ASSET_SYMBOL_EXTENSIONS = YES;
				CLANG_ANALYZER_NONNULL = YES;
				CLANG_ANALYZER_NUMBER_OBJECT_CONVERSION = YES_AGGRESSIVE;
				CLANG_CXX_LANGUAGE_STANDARD = "gnu++20";
				CLANG_ENABLE_MODULES = YES;
				CLANG_ENABLE_OBJC_ARC = YES;
				CLANG_ENABLE_OBJC_WEAK = YES;
				CLANG_WARN_BLOCK_CAPTURE_AUTORELEASING = YES;
				CLANG_WARN_BOOL_CONVERSION = YES;
				CLANG_WARN_COMMA = YES;
				CLANG_WARN_CONSTANT_CONVERSION = YES;
				CLANG_WARN_DEPRECATED_OBJC_IMPLEMENTATIONS = YES;
				CLANG_WARN_DIRECT_OBJC_ISA_USAGE = YES_ERROR;
				CLANG_WARN_DOCUMENTATION_COMMENTS = YES;
				CLANG_WARN_EMPTY_BODY = YES;
				CLANG_WARN_ENUM_CONVERSION = YES;
				CLANG_WARN_INFINITE_RECURSION = YES;
				CLANG_WARN_INT_CONVERSION = YES;
				CLANG_WARN_NON_LITERAL_NULL_CONVERSION = YES;
				CLANG_WARN_OBJC_IMPLICIT_RETAIN_SELF = YES;
				CLANG_WARN_OBJC_LITERAL_CONVERSION = YES;
				CLANG_WARN_OBJC_ROOT_CLASS = YES_ERROR;
				CLANG_WARN_QUOTED_INCLUDE_IN_FRAMEWORK_HEADER = YES;
				CLANG_WARN_RANGE_LOOP_ANALYSIS = YES;
				CLANG_WARN_STRICT_PROTOTYPES = YES;
				CLANG_WARN_SUSPICIOUS_MOVE = YES;
				CLANG_WARN_UNGUARDED_AVAILABILITY = YES_AGGRESSIVE;
				CLANG_WARN_UNREACHABLE_CODE = YES;
				CLANG_WARN__DUPLICATE_METHOD_MATCH = YES;
				COPY_PHASE_STRIP = NO;
				DEBUG_INFORMATION_FORMAT = "dwarf-with-dsym";
				ENABLE_NS_ASSERTIONS = NO;
				ENABLE_STRICT_OBJC_MSGSEND = YES;
				ENABLE_USER_SCRIPT_SANDBOXING = YES;
				GCC_C_LANGUAGE_STANDARD = gnu17;
				GCC_NO_COMMON_BLOCKS = YES;
				GCC_WARN_64_TO_32_BIT_CONVERSION = YES;
				GCC_WARN_ABOUT_RETURN_TYPE = YES_ERROR;
				GCC_WARN_UNDECLARED_SELECTOR = YES;
				GCC_WARN_UNINITIALIZED_AUTOS = YES_AGGRESSIVE;
				GCC_WARN_UNUSED_FUNCTION = YES;
				GCC_WARN_UNUSED_VARIABLE = YES;
				LOCALIZATION_PREFERS_STRING_CATALOGS = YES;
				MTL_ENABLE_DEBUG_INFO = NO;
				MTL_FAST_MATH = YES;
				SWIFT_COMPILATION_MODE = wholemodule;
			};
			name = Release;
		};
		AB128DFF2B55C02100079679 /* Debug */ = {
			isa = XCBuildConfiguration;
			buildSettings = {
				ASSETCATALOG_COMPILER_APPICON_NAME = AppIcon;
				ASSETCATALOG_COMPILER_GLOBAL_ACCENT_COLOR_NAME = AccentColor;
				CODE_SIGN_ENTITLEMENTS = iOSKinesteXB2B/iOSKinesteXB2B.entitlements;
				CODE_SIGN_STYLE = Automatic;
				CURRENT_PROJECT_VERSION = 1;
				DEVELOPMENT_ASSET_PATHS = "\"iOSKinesteXB2B/Preview Content\"";
				DEVELOPMENT_TEAM = MQU4CU9NLX;
				ENABLE_HARDENED_RUNTIME = YES;
				ENABLE_PREVIEWS = YES;
				GENERATE_INFOPLIST_FILE = YES;
				"INFOPLIST_KEY_UIApplicationSceneManifest_Generation[sdk=iphoneos*]" = YES;
				"INFOPLIST_KEY_UIApplicationSceneManifest_Generation[sdk=iphonesimulator*]" = YES;
				"INFOPLIST_KEY_UIApplicationSupportsIndirectInputEvents[sdk=iphoneos*]" = YES;
				"INFOPLIST_KEY_UIApplicationSupportsIndirectInputEvents[sdk=iphonesimulator*]" = YES;
				"INFOPLIST_KEY_UILaunchScreen_Generation[sdk=iphoneos*]" = YES;
				"INFOPLIST_KEY_UILaunchScreen_Generation[sdk=iphonesimulator*]" = YES;
				"INFOPLIST_KEY_UIStatusBarStyle[sdk=iphoneos*]" = UIStatusBarStyleDefault;
				"INFOPLIST_KEY_UIStatusBarStyle[sdk=iphonesimulator*]" = UIStatusBarStyleDefault;
				INFOPLIST_KEY_UISupportedInterfaceOrientations_iPad = "UIInterfaceOrientationPortrait UIInterfaceOrientationPortraitUpsideDown UIInterfaceOrientationLandscapeLeft UIInterfaceOrientationLandscapeRight";
				INFOPLIST_KEY_UISupportedInterfaceOrientations_iPhone = "UIInterfaceOrientationPortrait UIInterfaceOrientationLandscapeLeft UIInterfaceOrientationLandscapeRight";
				IPHONEOS_DEPLOYMENT_TARGET = 17.0;
				LD_RUNPATH_SEARCH_PATHS = "@executable_path/Frameworks";
				"LD_RUNPATH_SEARCH_PATHS[sdk=macosx*]" = "@executable_path/../Frameworks";
				MACOSX_DEPLOYMENT_TARGET = 14.0;
				MARKETING_VERSION = 1.0;
				PRODUCT_BUNDLE_IDENTIFIER = kindasmart.iOSKinesteXB2B;
				PRODUCT_NAME = "$(TARGET_NAME)";
				SDKROOT = auto;
				SUPPORTED_PLATFORMS = "iphoneos iphonesimulator macosx";
				SWIFT_EMIT_LOC_STRINGS = YES;
				SWIFT_VERSION = 5.0;
				TARGETED_DEVICE_FAMILY = "1,2";
			};
			name = Debug;
		};
		AB128E002B55C02100079679 /* Release */ = {
			isa = XCBuildConfiguration;
			buildSettings = {
				ASSETCATALOG_COMPILER_APPICON_NAME = AppIcon;
				ASSETCATALOG_COMPILER_GLOBAL_ACCENT_COLOR_NAME = AccentColor;
				CODE_SIGN_ENTITLEMENTS = iOSKinesteXB2B/iOSKinesteXB2B.entitlements;
				CODE_SIGN_STYLE = Automatic;
				CURRENT_PROJECT_VERSION = 1;
				DEVELOPMENT_ASSET_PATHS = "\"iOSKinesteXB2B/Preview Content\"";
				DEVELOPMENT_TEAM = MQU4CU9NLX;
				ENABLE_HARDENED_RUNTIME = YES;
				ENABLE_PREVIEWS = YES;
				GENERATE_INFOPLIST_FILE = YES;
				"INFOPLIST_KEY_UIApplicationSceneManifest_Generation[sdk=iphoneos*]" = YES;
				"INFOPLIST_KEY_UIApplicationSceneManifest_Generation[sdk=iphonesimulator*]" = YES;
				"INFOPLIST_KEY_UIApplicationSupportsIndirectInputEvents[sdk=iphoneos*]" = YES;
				"INFOPLIST_KEY_UIApplicationSupportsIndirectInputEvents[sdk=iphonesimulator*]" = YES;
				"INFOPLIST_KEY_UILaunchScreen_Generation[sdk=iphoneos*]" = YES;
				"INFOPLIST_KEY_UILaunchScreen_Generation[sdk=iphonesimulator*]" = YES;
				"INFOPLIST_KEY_UIStatusBarStyle[sdk=iphoneos*]" = UIStatusBarStyleDefault;
				"INFOPLIST_KEY_UIStatusBarStyle[sdk=iphonesimulator*]" = UIStatusBarStyleDefault;
				INFOPLIST_KEY_UISupportedInterfaceOrientations_iPad = "UIInterfaceOrientationPortrait UIInterfaceOrientationPortraitUpsideDown UIInterfaceOrientationLandscapeLeft UIInterfaceOrientationLandscapeRight";
				INFOPLIST_KEY_UISupportedInterfaceOrientations_iPhone = "UIInterfaceOrientationPortrait UIInterfaceOrientationLandscapeLeft UIInterfaceOrientationLandscapeRight";
				IPHONEOS_DEPLOYMENT_TARGET = 17.0;
				LD_RUNPATH_SEARCH_PATHS = "@executable_path/Frameworks";
				"LD_RUNPATH_SEARCH_PATHS[sdk=macosx*]" = "@executable_path/../Frameworks";
				MACOSX_DEPLOYMENT_TARGET = 14.0;
				MARKETING_VERSION = 1.0;
				PRODUCT_BUNDLE_IDENTIFIER = kindasmart.iOSKinesteXB2B;
				PRODUCT_NAME = "$(TARGET_NAME)";
				SDKROOT = auto;
				SUPPORTED_PLATFORMS = "iphoneos iphonesimulator macosx";
				SWIFT_EMIT_LOC_STRINGS = YES;
				SWIFT_VERSION = 5.0;
				TARGETED_DEVICE_FAMILY = "1,2";
			};
			name = Release;
		};
		AB128E022B55C02100079679 /* Debug */ = {
			isa = XCBuildConfiguration;
			buildSettings = {
				ALWAYS_EMBED_SWIFT_STANDARD_LIBRARIES = YES;
				BUNDLE_LOADER = "$(TEST_HOST)";
				CODE_SIGN_STYLE = Automatic;
				CURRENT_PROJECT_VERSION = 1;
				DEVELOPMENT_TEAM = MQU4CU9NLX;
				GENERATE_INFOPLIST_FILE = YES;
				IPHONEOS_DEPLOYMENT_TARGET = 17.0;
				MACOSX_DEPLOYMENT_TARGET = 14.0;
				MARKETING_VERSION = 1.0;
				PRODUCT_BUNDLE_IDENTIFIER = kindasmart.iOSKinesteXB2BTests;
				PRODUCT_NAME = "$(TARGET_NAME)";
				SDKROOT = auto;
				SUPPORTED_PLATFORMS = "iphoneos iphonesimulator macosx";
				SWIFT_EMIT_LOC_STRINGS = NO;
				SWIFT_VERSION = 5.0;
				TARGETED_DEVICE_FAMILY = "1,2";
				TEST_HOST = "$(BUILT_PRODUCTS_DIR)/iOSKinesteXB2B.app/$(BUNDLE_EXECUTABLE_FOLDER_PATH)/iOSKinesteXB2B";
			};
			name = Debug;
		};
		AB128E032B55C02100079679 /* Release */ = {
			isa = XCBuildConfiguration;
			buildSettings = {
				ALWAYS_EMBED_SWIFT_STANDARD_LIBRARIES = YES;
				BUNDLE_LOADER = "$(TEST_HOST)";
				CODE_SIGN_STYLE = Automatic;
				CURRENT_PROJECT_VERSION = 1;
				DEVELOPMENT_TEAM = MQU4CU9NLX;
				GENERATE_INFOPLIST_FILE = YES;
				IPHONEOS_DEPLOYMENT_TARGET = 17.0;
				MACOSX_DEPLOYMENT_TARGET = 14.0;
				MARKETING_VERSION = 1.0;
				PRODUCT_BUNDLE_IDENTIFIER = kindasmart.iOSKinesteXB2BTests;
				PRODUCT_NAME = "$(TARGET_NAME)";
				SDKROOT = auto;
				SUPPORTED_PLATFORMS = "iphoneos iphonesimulator macosx";
				SWIFT_EMIT_LOC_STRINGS = NO;
				SWIFT_VERSION = 5.0;
				TARGETED_DEVICE_FAMILY = "1,2";
				TEST_HOST = "$(BUILT_PRODUCTS_DIR)/iOSKinesteXB2B.app/$(BUNDLE_EXECUTABLE_FOLDER_PATH)/iOSKinesteXB2B";
			};
			name = Release;
		};
		AB128E052B55C02100079679 /* Debug */ = {
			isa = XCBuildConfiguration;
			buildSettings = {
				ALWAYS_EMBED_SWIFT_STANDARD_LIBRARIES = YES;
				CODE_SIGN_STYLE = Automatic;
				CURRENT_PROJECT_VERSION = 1;
				DEVELOPMENT_TEAM = MQU4CU9NLX;
				GENERATE_INFOPLIST_FILE = YES;
				IPHONEOS_DEPLOYMENT_TARGET = 17.0;
				MACOSX_DEPLOYMENT_TARGET = 14.0;
				MARKETING_VERSION = 1.0;
				PRODUCT_BUNDLE_IDENTIFIER = kindasmart.iOSKinesteXB2BUITests;
				PRODUCT_NAME = "$(TARGET_NAME)";
				SDKROOT = auto;
				SUPPORTED_PLATFORMS = "iphoneos iphonesimulator macosx";
				SWIFT_EMIT_LOC_STRINGS = NO;
				SWIFT_VERSION = 5.0;
				TARGETED_DEVICE_FAMILY = "1,2";
				TEST_TARGET_NAME = iOSKinesteXB2B;
			};
			name = Debug;
		};
		AB128E062B55C02100079679 /* Release */ = {
			isa = XCBuildConfiguration;
			buildSettings = {
				ALWAYS_EMBED_SWIFT_STANDARD_LIBRARIES = YES;
				CODE_SIGN_STYLE = Automatic;
				CURRENT_PROJECT_VERSION = 1;
				DEVELOPMENT_TEAM = MQU4CU9NLX;
				GENERATE_INFOPLIST_FILE = YES;
				IPHONEOS_DEPLOYMENT_TARGET = 17.0;
				MACOSX_DEPLOYMENT_TARGET = 14.0;
				MARKETING_VERSION = 1.0;
				PRODUCT_BUNDLE_IDENTIFIER = kindasmart.iOSKinesteXB2BUITests;
				PRODUCT_NAME = "$(TARGET_NAME)";
				SDKROOT = auto;
				SUPPORTED_PLATFORMS = "iphoneos iphonesimulator macosx";
				SWIFT_EMIT_LOC_STRINGS = NO;
				SWIFT_VERSION = 5.0;
				TARGETED_DEVICE_FAMILY = "1,2";
				TEST_TARGET_NAME = iOSKinesteXB2B;
			};
			name = Release;
		};
/* End XCBuildConfiguration section */

/* Begin XCConfigurationList section */
		AB128DD42B55C01F00079679 /* Build configuration list for PBXProject "iOSKinesteXB2B" */ = {
			isa = XCConfigurationList;
			buildConfigurations = (
				AB128DFC2B55C02100079679 /* Debug */,
				AB128DFD2B55C02100079679 /* Release */,
			);
			defaultConfigurationIsVisible = 0;
			defaultConfigurationName = Release;
		};
		AB128DFE2B55C02100079679 /* Build configuration list for PBXNativeTarget "iOSKinesteXB2B" */ = {
			isa = XCConfigurationList;
			buildConfigurations = (
				AB128DFF2B55C02100079679 /* Debug */,
				AB128E002B55C02100079679 /* Release */,
			);
			defaultConfigurationIsVisible = 0;
			defaultConfigurationName = Release;
		};
		AB128E012B55C02100079679 /* Build configuration list for PBXNativeTarget "iOSKinesteXB2BTests" */ = {
			isa = XCConfigurationList;
			buildConfigurations = (
				AB128E022B55C02100079679 /* Debug */,
				AB128E032B55C02100079679 /* Release */,
			);
			defaultConfigurationIsVisible = 0;
			defaultConfigurationName = Release;
		};
		AB128E042B55C02100079679 /* Build configuration list for PBXNativeTarget "iOSKinesteXB2BUITests" */ = {
			isa = XCConfigurationList;
			buildConfigurations = (
				AB128E052B55C02100079679 /* Debug */,
				AB128E062B55C02100079679 /* Release */,
			);
			defaultConfigurationIsVisible = 0;
			defaultConfigurationName = Release;
		};
/* End XCConfigurationList section */

/* Begin XCRemoteSwiftPackageReference section */
		AB128E0C2B55C1BA00079679 /* XCRemoteSwiftPackageReference "lottie-ios" */ = {
			isa = XCRemoteSwiftPackageReference;
			repositoryURL = "https://github.com/airbnb/lottie-ios.git";
			requirement = {
				kind = upToNextMajorVersion;
				minimumVersion = 4.3.4;
			};
		};
/* End XCRemoteSwiftPackageReference section */

/* Begin XCSwiftPackageProductDependency section */
		AB128E0D2B55C1BA00079679 /* Lottie */ = {
			isa = XCSwiftPackageProductDependency;
			package = AB128E0C2B55C1BA00079679 /* XCRemoteSwiftPackageReference "lottie-ios" */;
			productName = Lottie;
		};
/* End XCSwiftPackageProductDependency section */
	};
	rootObject = AB128DD12B55C01F00079679 /* Project object */;
}
