// !$*UTF8*$!
{
	archiveVersion = 1;
	classes = {
	};
	objectVersion = 56;
	objects = {

/* Begin PBXBuildFile section */
		AB0296412A321DC5009A1AC1 /* KinesteXSDKApp.swift in Sources */ = {isa = PBXBuildFile; fileRef = AB0296402A321DC5009A1AC1 /* KinesteXSDKApp.swift */; };
		AB0296432A321DC5009A1AC1 /* ContentView.swift in Sources */ = {isa = PBXBuildFile; fileRef = AB0296422A321DC5009A1AC1 /* ContentView.swift */; };
		AB0296452A321DC6009A1AC1 /* Assets.xcassets in Resources */ = {isa = PBXBuildFile; fileRef = AB0296442A321DC6009A1AC1 /* Assets.xcassets */; };
		AB0296492A321DC6009A1AC1 /* Preview Assets.xcassets in Resources */ = {isa = PBXBuildFile; fileRef = AB0296482A321DC6009A1AC1 /* Preview Assets.xcassets */; };
		AB0296532A321DC6009A1AC1 /* KinesteXSDKTests.swift in Sources */ = {isa = PBXBuildFile; fileRef = AB0296522A321DC6009A1AC1 /* KinesteXSDKTests.swift */; };
		AB02965D2A321DC6009A1AC1 /* KinesteXSDKUITests.swift in Sources */ = {isa = PBXBuildFile; fileRef = AB02965C2A321DC6009A1AC1 /* KinesteXSDKUITests.swift */; };
		AB02965F2A321DC6009A1AC1 /* KinesteXSDKUITestsLaunchTests.swift in Sources */ = {isa = PBXBuildFile; fileRef = AB02965E2A321DC6009A1AC1 /* KinesteXSDKUITestsLaunchTests.swift */; };
/* End PBXBuildFile section */

/* Begin PBXContainerItemProxy section */
		AB02964F2A321DC6009A1AC1 /* PBXContainerItemProxy */ = {
			isa = PBXContainerItemProxy;
			containerPortal = AB0296352A321DC5009A1AC1 /* Project object */;
			proxyType = 1;
			remoteGlobalIDString = AB02963C2A321DC5009A1AC1;
			remoteInfo = KinesteXSDK;
		};
		AB0296592A321DC6009A1AC1 /* PBXContainerItemProxy */ = {
			isa = PBXContainerItemProxy;
			containerPortal = AB0296352A321DC5009A1AC1 /* Project object */;
			proxyType = 1;
			remoteGlobalIDString = AB02963C2A321DC5009A1AC1;
			remoteInfo = KinesteXSDK;
		};
/* End PBXContainerItemProxy section */

/* Begin PBXFileReference section */
		AB02963D2A321DC5009A1AC1 /* KinesteXSDK.app */ = {isa = PBXFileReference; explicitFileType = wrapper.application; includeInIndex = 0; path = KinesteXSDK.app; sourceTree = BUILT_PRODUCTS_DIR; };
		AB0296402A321DC5009A1AC1 /* KinesteXSDKApp.swift */ = {isa = PBXFileReference; lastKnownFileType = sourcecode.swift; path = KinesteXSDKApp.swift; sourceTree = "<group>"; };
		AB0296422A321DC5009A1AC1 /* ContentView.swift */ = {isa = PBXFileReference; lastKnownFileType = sourcecode.swift; path = ContentView.swift; sourceTree = "<group>"; };
		AB0296442A321DC6009A1AC1 /* Assets.xcassets */ = {isa = PBXFileReference; lastKnownFileType = folder.assetcatalog; path = Assets.xcassets; sourceTree = "<group>"; };
		AB0296462A321DC6009A1AC1 /* KinesteXSDK.entitlements */ = {isa = PBXFileReference; lastKnownFileType = text.plist.entitlements; path = KinesteXSDK.entitlements; sourceTree = "<group>"; };
		AB0296482A321DC6009A1AC1 /* Preview Assets.xcassets */ = {isa = PBXFileReference; lastKnownFileType = folder.assetcatalog; path = "Preview Assets.xcassets"; sourceTree = "<group>"; };
		AB02964E2A321DC6009A1AC1 /* KinesteXSDKTests.xctest */ = {isa = PBXFileReference; explicitFileType = wrapper.cfbundle; includeInIndex = 0; path = KinesteXSDKTests.xctest; sourceTree = BUILT_PRODUCTS_DIR; };
		AB0296522A321DC6009A1AC1 /* KinesteXSDKTests.swift */ = {isa = PBXFileReference; lastKnownFileType = sourcecode.swift; path = KinesteXSDKTests.swift; sourceTree = "<group>"; };
		AB0296582A321DC6009A1AC1 /* KinesteXSDKUITests.xctest */ = {isa = PBXFileReference; explicitFileType = wrapper.cfbundle; includeInIndex = 0; path = KinesteXSDKUITests.xctest; sourceTree = BUILT_PRODUCTS_DIR; };
		AB02965C2A321DC6009A1AC1 /* KinesteXSDKUITests.swift */ = {isa = PBXFileReference; lastKnownFileType = sourcecode.swift; path = KinesteXSDKUITests.swift; sourceTree = "<group>"; };
		AB02965E2A321DC6009A1AC1 /* KinesteXSDKUITestsLaunchTests.swift */ = {isa = PBXFileReference; lastKnownFileType = sourcecode.swift; path = KinesteXSDKUITestsLaunchTests.swift; sourceTree = "<group>"; };
/* End PBXFileReference section */

/* Begin PBXFrameworksBuildPhase section */
		AB02963A2A321DC5009A1AC1 /* Frameworks */ = {
			isa = PBXFrameworksBuildPhase;
			buildActionMask = 2147483647;
			files = (
			);
			runOnlyForDeploymentPostprocessing = 0;
		};
		AB02964B2A321DC6009A1AC1 /* Frameworks */ = {
			isa = PBXFrameworksBuildPhase;
			buildActionMask = 2147483647;
			files = (
			);
			runOnlyForDeploymentPostprocessing = 0;
		};
		AB0296552A321DC6009A1AC1 /* Frameworks */ = {
			isa = PBXFrameworksBuildPhase;
			buildActionMask = 2147483647;
			files = (
			);
			runOnlyForDeploymentPostprocessing = 0;
		};
/* End PBXFrameworksBuildPhase section */

/* Begin PBXGroup section */
		AB0296342A321DC5009A1AC1 = {
			isa = PBXGroup;
			children = (
				AB02963F2A321DC5009A1AC1 /* KinesteXSDK */,
				AB0296512A321DC6009A1AC1 /* KinesteXSDKTests */,
				AB02965B2A321DC6009A1AC1 /* KinesteXSDKUITests */,
				AB02963E2A321DC5009A1AC1 /* Products */,
			);
			sourceTree = "<group>";
		};
		AB02963E2A321DC5009A1AC1 /* Products */ = {
			isa = PBXGroup;
			children = (
				AB02963D2A321DC5009A1AC1 /* KinesteXSDK.app */,
				AB02964E2A321DC6009A1AC1 /* KinesteXSDKTests.xctest */,
				AB0296582A321DC6009A1AC1 /* KinesteXSDKUITests.xctest */,
			);
			name = Products;
			sourceTree = "<group>";
		};
		AB02963F2A321DC5009A1AC1 /* KinesteXSDK */ = {
			isa = PBXGroup;
			children = (
				AB0296402A321DC5009A1AC1 /* KinesteXSDKApp.swift */,
				AB0296422A321DC5009A1AC1 /* ContentView.swift */,
				AB0296442A321DC6009A1AC1 /* Assets.xcassets */,
				AB0296462A321DC6009A1AC1 /* KinesteXSDK.entitlements */,
				AB0296472A321DC6009A1AC1 /* Preview Content */,
			);
			path = KinesteXSDK;
			sourceTree = "<group>";
		};
		AB0296472A321DC6009A1AC1 /* Preview Content */ = {
			isa = PBXGroup;
			children = (
				AB0296482A321DC6009A1AC1 /* Preview Assets.xcassets */,
			);
			path = "Preview Content";
			sourceTree = "<group>";
		};
		AB0296512A321DC6009A1AC1 /* KinesteXSDKTests */ = {
			isa = PBXGroup;
			children = (
				AB0296522A321DC6009A1AC1 /* KinesteXSDKTests.swift */,
			);
			path = KinesteXSDKTests;
			sourceTree = "<group>";
		};
		AB02965B2A321DC6009A1AC1 /* KinesteXSDKUITests */ = {
			isa = PBXGroup;
			children = (
				AB02965C2A321DC6009A1AC1 /* KinesteXSDKUITests.swift */,
				AB02965E2A321DC6009A1AC1 /* KinesteXSDKUITestsLaunchTests.swift */,
			);
			path = KinesteXSDKUITests;
			sourceTree = "<group>";
		};
/* End PBXGroup section */

/* Begin PBXNativeTarget section */
		AB02963C2A321DC5009A1AC1 /* KinesteXSDK */ = {
			isa = PBXNativeTarget;
			buildConfigurationList = AB0296622A321DC6009A1AC1 /* Build configuration list for PBXNativeTarget "KinesteXSDK" */;
			buildPhases = (
				AB0296392A321DC5009A1AC1 /* Sources */,
				AB02963A2A321DC5009A1AC1 /* Frameworks */,
				AB02963B2A321DC5009A1AC1 /* Resources */,
			);
			buildRules = (
			);
			dependencies = (
			);
			name = KinesteXSDK;
			productName = KinesteXSDK;
			productReference = AB02963D2A321DC5009A1AC1 /* KinesteXSDK.app */;
			productType = "com.apple.product-type.application";
		};
		AB02964D2A321DC6009A1AC1 /* KinesteXSDKTests */ = {
			isa = PBXNativeTarget;
			buildConfigurationList = AB0296652A321DC6009A1AC1 /* Build configuration list for PBXNativeTarget "KinesteXSDKTests" */;
			buildPhases = (
				AB02964A2A321DC6009A1AC1 /* Sources */,
				AB02964B2A321DC6009A1AC1 /* Frameworks */,
				AB02964C2A321DC6009A1AC1 /* Resources */,
			);
			buildRules = (
			);
			dependencies = (
				AB0296502A321DC6009A1AC1 /* PBXTargetDependency */,
			);
			name = KinesteXSDKTests;
			productName = KinesteXSDKTests;
			productReference = AB02964E2A321DC6009A1AC1 /* KinesteXSDKTests.xctest */;
			productType = "com.apple.product-type.bundle.unit-test";
		};
		AB0296572A321DC6009A1AC1 /* KinesteXSDKUITests */ = {
			isa = PBXNativeTarget;
			buildConfigurationList = AB0296682A321DC6009A1AC1 /* Build configuration list for PBXNativeTarget "KinesteXSDKUITests" */;
			buildPhases = (
				AB0296542A321DC6009A1AC1 /* Sources */,
				AB0296552A321DC6009A1AC1 /* Frameworks */,
				AB0296562A321DC6009A1AC1 /* Resources */,
			);
			buildRules = (
			);
			dependencies = (
				AB02965A2A321DC6009A1AC1 /* PBXTargetDependency */,
			);
			name = KinesteXSDKUITests;
			productName = KinesteXSDKUITests;
			productReference = AB0296582A321DC6009A1AC1 /* KinesteXSDKUITests.xctest */;
			productType = "com.apple.product-type.bundle.ui-testing";
		};
/* End PBXNativeTarget section */

/* Begin PBXProject section */
		AB0296352A321DC5009A1AC1 /* Project object */ = {
			isa = PBXProject;
			attributes = {
				BuildIndependentTargetsInParallel = 1;
				LastSwiftUpdateCheck = 1430;
				LastUpgradeCheck = 1430;
				TargetAttributes = {
					AB02963C2A321DC5009A1AC1 = {
						CreatedOnToolsVersion = 14.3.1;
					};
					AB02964D2A321DC6009A1AC1 = {
						CreatedOnToolsVersion = 14.3.1;
						TestTargetID = AB02963C2A321DC5009A1AC1;
					};
					AB0296572A321DC6009A1AC1 = {
						CreatedOnToolsVersion = 14.3.1;
						TestTargetID = AB02963C2A321DC5009A1AC1;
					};
				};
			};
			buildConfigurationList = AB0296382A321DC5009A1AC1 /* Build configuration list for PBXProject "KinesteXSDK" */;
			compatibilityVersion = "Xcode 14.0";
			developmentRegion = en;
			hasScannedForEncodings = 0;
			knownRegions = (
				en,
				Base,
			);
			mainGroup = AB0296342A321DC5009A1AC1;
			productRefGroup = AB02963E2A321DC5009A1AC1 /* Products */;
			projectDirPath = "";
			projectRoot = "";
			targets = (
				AB02963C2A321DC5009A1AC1 /* KinesteXSDK */,
				AB02964D2A321DC6009A1AC1 /* KinesteXSDKTests */,
				AB0296572A321DC6009A1AC1 /* KinesteXSDKUITests */,
			);
		};
/* End PBXProject section */

/* Begin PBXResourcesBuildPhase section */
		AB02963B2A321DC5009A1AC1 /* Resources */ = {
			isa = PBXResourcesBuildPhase;
			buildActionMask = 2147483647;
			files = (
				AB0296492A321DC6009A1AC1 /* Preview Assets.xcassets in Resources */,
				AB0296452A321DC6009A1AC1 /* Assets.xcassets in Resources */,
			);
			runOnlyForDeploymentPostprocessing = 0;
		};
		AB02964C2A321DC6009A1AC1 /* Resources */ = {
			isa = PBXResourcesBuildPhase;
			buildActionMask = 2147483647;
			files = (
			);
			runOnlyForDeploymentPostprocessing = 0;
		};
		AB0296562A321DC6009A1AC1 /* Resources */ = {
			isa = PBXResourcesBuildPhase;
			buildActionMask = 2147483647;
			files = (
			);
			runOnlyForDeploymentPostprocessing = 0;
		};
/* End PBXResourcesBuildPhase section */

/* Begin PBXSourcesBuildPhase section */
		AB0296392A321DC5009A1AC1 /* Sources */ = {
			isa = PBXSourcesBuildPhase;
			buildActionMask = 2147483647;
			files = (
				AB0296432A321DC5009A1AC1 /* ContentView.swift in Sources */,
				AB0296412A321DC5009A1AC1 /* KinesteXSDKApp.swift in Sources */,
			);
			runOnlyForDeploymentPostprocessing = 0;
		};
		AB02964A2A321DC6009A1AC1 /* Sources */ = {
			isa = PBXSourcesBuildPhase;
			buildActionMask = 2147483647;
			files = (
				AB0296532A321DC6009A1AC1 /* KinesteXSDKTests.swift in Sources */,
			);
			runOnlyForDeploymentPostprocessing = 0;
		};
		AB0296542A321DC6009A1AC1 /* Sources */ = {
			isa = PBXSourcesBuildPhase;
			buildActionMask = 2147483647;
			files = (
				AB02965F2A321DC6009A1AC1 /* KinesteXSDKUITestsLaunchTests.swift in Sources */,
				AB02965D2A321DC6009A1AC1 /* KinesteXSDKUITests.swift in Sources */,
			);
			runOnlyForDeploymentPostprocessing = 0;
		};
/* End PBXSourcesBuildPhase section */

/* Begin PBXTargetDependency section */
		AB0296502A321DC6009A1AC1 /* PBXTargetDependency */ = {
			isa = PBXTargetDependency;
			target = AB02963C2A321DC5009A1AC1 /* KinesteXSDK */;
			targetProxy = AB02964F2A321DC6009A1AC1 /* PBXContainerItemProxy */;
		};
		AB02965A2A321DC6009A1AC1 /* PBXTargetDependency */ = {
			isa = PBXTargetDependency;
			target = AB02963C2A321DC5009A1AC1 /* KinesteXSDK */;
			targetProxy = AB0296592A321DC6009A1AC1 /* PBXContainerItemProxy */;
		};
/* End PBXTargetDependency section */

/* Begin XCBuildConfiguration section */
		AB0296602A321DC6009A1AC1 /* Debug */ = {
			isa = XCBuildConfiguration;
			buildSettings = {
				ALWAYS_SEARCH_USER_PATHS = NO;
				CLANG_ANALYZER_NONNULL = YES;
				CLANG_ANALYZER_NUMBER_OBJECT_CONVERSION = YES_AGGRESSIVE;
				CLANG_CXX_LANGUAGE_STANDARD = "gnu++20";
				CLANG_ENABLE_MODULES = YES;
				CLANG_ENABLE_OBJC_ARC = YES;
				CLANG_ENABLE_OBJC_WEAK = YES;
				CLANG_WARN_BLOCK_CAPTURE_AUTORELEASING = YES;
				CLANG_WARN_BOOL_CONVERSION = YES;
				CLANG_WARN_COMMA = YES;
				CLANG_WARN_CONSTANT_CONVERSION = YES;
				CLANG_WARN_DEPRECATED_OBJC_IMPLEMENTATIONS = YES;
				CLANG_WARN_DIRECT_OBJC_ISA_USAGE = YES_ERROR;
				CLANG_WARN_DOCUMENTATION_COMMENTS = YES;
				CLANG_WARN_EMPTY_BODY = YES;
				CLANG_WARN_ENUM_CONVERSION = YES;
				CLANG_WARN_INFINITE_RECURSION = YES;
				CLANG_WARN_INT_CONVERSION = YES;
				CLANG_WARN_NON_LITERAL_NULL_CONVERSION = YES;
				CLANG_WARN_OBJC_IMPLICIT_RETAIN_SELF = YES;
				CLANG_WARN_OBJC_LITERAL_CONVERSION = YES;
				CLANG_WARN_OBJC_ROOT_CLASS = YES_ERROR;
				CLANG_WARN_QUOTED_INCLUDE_IN_FRAMEWORK_HEADER = YES;
				CLANG_WARN_RANGE_LOOP_ANALYSIS = YES;
				CLANG_WARN_STRICT_PROTOTYPES = YES;
				CLANG_WARN_SUSPICIOUS_MOVE = YES;
				CLANG_WARN_UNGUARDED_AVAILABILITY = YES_AGGRESSIVE;
				CLANG_WARN_UNREACHABLE_CODE = YES;
				CLANG_WARN__DUPLICATE_METHOD_MATCH = YES;
				COPY_PHASE_STRIP = NO;
				DEBUG_INFORMATION_FORMAT = dwarf;
				ENABLE_STRICT_OBJC_MSGSEND = YES;
				ENABLE_TESTABILITY = YES;
				GCC_C_LANGUAGE_STANDARD = gnu11;
				GCC_DYNAMIC_NO_PIC = NO;
				GCC_NO_COMMON_BLOCKS = YES;
				GCC_OPTIMIZATION_LEVEL = 0;
				GCC_PREPROCESSOR_DEFINITIONS = (
					"DEBUG=1",
					"$(inherited)",
				);
				GCC_WARN_64_TO_32_BIT_CONVERSION = YES;
				GCC_WARN_ABOUT_RETURN_TYPE = YES_ERROR;
				GCC_WARN_UNDECLARED_SELECTOR = YES;
				GCC_WARN_UNINITIALIZED_AUTOS = YES_AGGRESSIVE;
				GCC_WARN_UNUSED_FUNCTION = YES;
				GCC_WARN_UNUSED_VARIABLE = YES;
				IPHONEOS_DEPLOYMENT_TARGET = 15.0;
				MTL_ENABLE_DEBUG_INFO = INCLUDE_SOURCE;
				MTL_FAST_MATH = YES;
				ONLY_ACTIVE_ARCH = YES;
				SWIFT_ACTIVE_COMPILATION_CONDITIONS = DEBUG;
				SWIFT_OPTIMIZATION_LEVEL = "-Onone";
			};
			name = Debug;
		};
		AB0296612A321DC6009A1AC1 /* Release */ = {
			isa = XCBuildConfiguration;
			buildSettings = {
				ALWAYS_SEARCH_USER_PATHS = NO;
				CLANG_ANALYZER_NONNULL = YES;
				CLANG_ANALYZER_NUMBER_OBJECT_CONVERSION = YES_AGGRESSIVE;
				CLANG_CXX_LANGUAGE_STANDARD = "gnu++20";
				CLANG_ENABLE_MODULES = YES;
				CLANG_ENABLE_OBJC_ARC = YES;
				CLANG_ENABLE_OBJC_WEAK = YES;
				CLANG_WARN_BLOCK_CAPTURE_AUTORELEASING = YES;
				CLANG_WARN_BOOL_CONVERSION = YES;
				CLANG_WARN_COMMA = YES;
				CLANG_WARN_CONSTANT_CONVERSION = YES;
				CLANG_WARN_DEPRECATED_OBJC_IMPLEMENTATIONS = YES;
				CLANG_WARN_DIRECT_OBJC_ISA_USAGE = YES_ERROR;
				CLANG_WARN_DOCUMENTATION_COMMENTS = YES;
				CLANG_WARN_EMPTY_BODY = YES;
				CLANG_WARN_ENUM_CONVERSION = YES;
				CLANG_WARN_INFINITE_RECURSION = YES;
				CLANG_WARN_INT_CONVERSION = YES;
				CLANG_WARN_NON_LITERAL_NULL_CONVERSION = YES;
				CLANG_WARN_OBJC_IMPLICIT_RETAIN_SELF = YES;
				CLANG_WARN_OBJC_LITERAL_CONVERSION = YES;
				CLANG_WARN_OBJC_ROOT_CLASS = YES_ERROR;
				CLANG_WARN_QUOTED_INCLUDE_IN_FRAMEWORK_HEADER = YES;
				CLANG_WARN_RANGE_LOOP_ANALYSIS = YES;
				CLANG_WARN_STRICT_PROTOTYPES = YES;
				CLANG_WARN_SUSPICIOUS_MOVE = YES;
				CLANG_WARN_UNGUARDED_AVAILABILITY = YES_AGGRESSIVE;
				CLANG_WARN_UNREACHABLE_CODE = YES;
				CLANG_WARN__DUPLICATE_METHOD_MATCH = YES;
				COPY_PHASE_STRIP = NO;
				DEBUG_INFORMATION_FORMAT = "dwarf-with-dsym";
				ENABLE_NS_ASSERTIONS = NO;
				ENABLE_STRICT_OBJC_MSGSEND = YES;
				GCC_C_LANGUAGE_STANDARD = gnu11;
				GCC_NO_COMMON_BLOCKS = YES;
				GCC_WARN_64_TO_32_BIT_CONVERSION = YES;
				GCC_WARN_ABOUT_RETURN_TYPE = YES_ERROR;
				GCC_WARN_UNDECLARED_SELECTOR = YES;
				GCC_WARN_UNINITIALIZED_AUTOS = YES_AGGRESSIVE;
				GCC_WARN_UNUSED_FUNCTION = YES;
				GCC_WARN_UNUSED_VARIABLE = YES;
				IPHONEOS_DEPLOYMENT_TARGET = 15.0;
				MTL_ENABLE_DEBUG_INFO = NO;
				MTL_FAST_MATH = YES;
				SWIFT_COMPILATION_MODE = wholemodule;
				SWIFT_OPTIMIZATION_LEVEL = "-O";
			};
			name = Release;
		};
		AB0296632A321DC6009A1AC1 /* Debug */ = {
			isa = XCBuildConfiguration;
			buildSettings = {
				ASSETCATALOG_COMPILER_APPICON_NAME = AppIcon;
				ASSETCATALOG_COMPILER_GLOBAL_ACCENT_COLOR_NAME = AccentColor;
				CODE_SIGN_ENTITLEMENTS = KinesteXSDK/KinesteXSDK.entitlements;
				CODE_SIGN_STYLE = Automatic;
				CURRENT_PROJECT_VERSION = 1;
				DEVELOPMENT_ASSET_PATHS = "\"KinesteXSDK/Preview Content\"";
				DEVELOPMENT_TEAM = MQU4CU9NLX;
				ENABLE_HARDENED_RUNTIME = YES;
				ENABLE_PREVIEWS = YES;
				GENERATE_INFOPLIST_FILE = YES;
				INFOPLIST_KEY_NSCameraUsageDescription = "Camera access is required for video streaming";
				INFOPLIST_KEY_NSMicrophoneUsageDescription = "Microphone access is required for video streaming.";
				"INFOPLIST_KEY_UIApplicationSceneManifest_Generation[sdk=iphoneos*]" = YES;
				"INFOPLIST_KEY_UIApplicationSceneManifest_Generation[sdk=iphonesimulator*]" = YES;
				"INFOPLIST_KEY_UIApplicationSupportsIndirectInputEvents[sdk=iphoneos*]" = YES;
				"INFOPLIST_KEY_UIApplicationSupportsIndirectInputEvents[sdk=iphonesimulator*]" = YES;
				"INFOPLIST_KEY_UILaunchScreen_Generation[sdk=iphoneos*]" = YES;
				"INFOPLIST_KEY_UILaunchScreen_Generation[sdk=iphonesimulator*]" = YES;
				"INFOPLIST_KEY_UIStatusBarStyle[sdk=iphoneos*]" = UIStatusBarStyleDefault;
				"INFOPLIST_KEY_UIStatusBarStyle[sdk=iphonesimulator*]" = UIStatusBarStyleDefault;
				INFOPLIST_KEY_UISupportedInterfaceOrientations_iPad = "UIInterfaceOrientationPortrait UIInterfaceOrientationPortraitUpsideDown UIInterfaceOrientationLandscapeLeft UIInterfaceOrientationLandscapeRight";
				INFOPLIST_KEY_UISupportedInterfaceOrientations_iPhone = "UIInterfaceOrientationPortrait UIInterfaceOrientationLandscapeLeft UIInterfaceOrientationLandscapeRight";
				IPHONEOS_DEPLOYMENT_TARGET = 16.0;
				LD_RUNPATH_SEARCH_PATHS = "@executable_path/Frameworks";
				"LD_RUNPATH_SEARCH_PATHS[sdk=macosx*]" = "@executable_path/../Frameworks";
				MACOSX_DEPLOYMENT_TARGET = 13.3;
				MARKETING_VERSION = 1.0;
				PRODUCT_BUNDLE_IDENTIFIER = kinestex.kindasmart.KinesteXSDK;
				PRODUCT_NAME = "$(TARGET_NAME)";
				SDKROOT = auto;
				SUPPORTED_PLATFORMS = "iphoneos iphonesimulator macosx";
				SWIFT_EMIT_LOC_STRINGS = YES;
				SWIFT_VERSION = 5.0;
				TARGETED_DEVICE_FAMILY = "1,2";
			};
			name = Debug;
		};
		AB0296642A321DC6009A1AC1 /* Release */ = {
			isa = XCBuildConfiguration;
			buildSettings = {
				ASSETCATALOG_COMPILER_APPICON_NAME = AppIcon;
				ASSETCATALOG_COMPILER_GLOBAL_ACCENT_COLOR_NAME = AccentColor;
				CODE_SIGN_ENTITLEMENTS = KinesteXSDK/KinesteXSDK.entitlements;
				CODE_SIGN_STYLE = Automatic;
				CURRENT_PROJECT_VERSION = 1;
				DEVELOPMENT_ASSET_PATHS = "\"KinesteXSDK/Preview Content\"";
				DEVELOPMENT_TEAM = MQU4CU9NLX;
				ENABLE_HARDENED_RUNTIME = YES;
				ENABLE_PREVIEWS = YES;
				GENERATE_INFOPLIST_FILE = YES;
				INFOPLIST_KEY_NSCameraUsageDescription = "Camera access is required for video streaming";
				INFOPLIST_KEY_NSMicrophoneUsageDescription = "Microphone access is required for video streaming.";
				"INFOPLIST_KEY_UIApplicationSceneManifest_Generation[sdk=iphoneos*]" = YES;
				"INFOPLIST_KEY_UIApplicationSceneManifest_Generation[sdk=iphonesimulator*]" = YES;
				"INFOPLIST_KEY_UIApplicationSupportsIndirectInputEvents[sdk=iphoneos*]" = YES;
				"INFOPLIST_KEY_UIApplicationSupportsIndirectInputEvents[sdk=iphonesimulator*]" = YES;
				"INFOPLIST_KEY_UILaunchScreen_Generation[sdk=iphoneos*]" = YES;
				"INFOPLIST_KEY_UILaunchScreen_Generation[sdk=iphonesimulator*]" = YES;
				"INFOPLIST_KEY_UIStatusBarStyle[sdk=iphoneos*]" = UIStatusBarStyleDefault;
				"INFOPLIST_KEY_UIStatusBarStyle[sdk=iphonesimulator*]" = UIStatusBarStyleDefault;
				INFOPLIST_KEY_UISupportedInterfaceOrientations_iPad = "UIInterfaceOrientationPortrait UIInterfaceOrientationPortraitUpsideDown UIInterfaceOrientationLandscapeLeft UIInterfaceOrientationLandscapeRight";
				INFOPLIST_KEY_UISupportedInterfaceOrientations_iPhone = "UIInterfaceOrientationPortrait UIInterfaceOrientationLandscapeLeft UIInterfaceOrientationLandscapeRight";
				IPHONEOS_DEPLOYMENT_TARGET = 16.0;
				LD_RUNPATH_SEARCH_PATHS = "@executable_path/Frameworks";
				"LD_RUNPATH_SEARCH_PATHS[sdk=macosx*]" = "@executable_path/../Frameworks";
				MACOSX_DEPLOYMENT_TARGET = 13.3;
				MARKETING_VERSION = 1.0;
				PRODUCT_BUNDLE_IDENTIFIER = kinestex.kindasmart.KinesteXSDK;
				PRODUCT_NAME = "$(TARGET_NAME)";
				SDKROOT = auto;
				SUPPORTED_PLATFORMS = "iphoneos iphonesimulator macosx";
				SWIFT_EMIT_LOC_STRINGS = YES;
				SWIFT_VERSION = 5.0;
				TARGETED_DEVICE_FAMILY = "1,2";
			};
			name = Release;
		};
		AB0296662A321DC6009A1AC1 /* Debug */ = {
			isa = XCBuildConfiguration;
			buildSettings = {
				ALWAYS_EMBED_SWIFT_STANDARD_LIBRARIES = YES;
				BUNDLE_LOADER = "$(TEST_HOST)";
				CODE_SIGN_STYLE = Automatic;
				CURRENT_PROJECT_VERSION = 1;
				DEVELOPMENT_TEAM = MQU4CU9NLX;
				GENERATE_INFOPLIST_FILE = YES;
				IPHONEOS_DEPLOYMENT_TARGET = 16.4;
				MACOSX_DEPLOYMENT_TARGET = 13.3;
				MARKETING_VERSION = 1.0;
				PRODUCT_BUNDLE_IDENTIFIER = kinestex.kindasmart.KinesteXSDKTests;
				PRODUCT_NAME = "$(TARGET_NAME)";
				SDKROOT = auto;
				SUPPORTED_PLATFORMS = "iphoneos iphonesimulator macosx";
				SWIFT_EMIT_LOC_STRINGS = NO;
				SWIFT_VERSION = 5.0;
				TARGETED_DEVICE_FAMILY = "1,2";
				TEST_HOST = "$(BUILT_PRODUCTS_DIR)/KinesteXSDK.app/$(BUNDLE_EXECUTABLE_FOLDER_PATH)/KinesteXSDK";
			};
			name = Debug;
		};
		AB0296672A321DC6009A1AC1 /* Release */ = {
			isa = XCBuildConfiguration;
			buildSettings = {
				ALWAYS_EMBED_SWIFT_STANDARD_LIBRARIES = YES;
				BUNDLE_LOADER = "$(TEST_HOST)";
				CODE_SIGN_STYLE = Automatic;
				CURRENT_PROJECT_VERSION = 1;
				DEVELOPMENT_TEAM = MQU4CU9NLX;
				GENERATE_INFOPLIST_FILE = YES;
				IPHONEOS_DEPLOYMENT_TARGET = 16.4;
				MACOSX_DEPLOYMENT_TARGET = 13.3;
				MARKETING_VERSION = 1.0;
				PRODUCT_BUNDLE_IDENTIFIER = kinestex.kindasmart.KinesteXSDKTests;
				PRODUCT_NAME = "$(TARGET_NAME)";
				SDKROOT = auto;
				SUPPORTED_PLATFORMS = "iphoneos iphonesimulator macosx";
				SWIFT_EMIT_LOC_STRINGS = NO;
				SWIFT_VERSION = 5.0;
				TARGETED_DEVICE_FAMILY = "1,2";
				TEST_HOST = "$(BUILT_PRODUCTS_DIR)/KinesteXSDK.app/$(BUNDLE_EXECUTABLE_FOLDER_PATH)/KinesteXSDK";
			};
			name = Release;
		};
		AB0296692A321DC6009A1AC1 /* Debug */ = {
			isa = XCBuildConfiguration;
			buildSettings = {
				ALWAYS_EMBED_SWIFT_STANDARD_LIBRARIES = YES;
				CODE_SIGN_STYLE = Automatic;
				CURRENT_PROJECT_VERSION = 1;
				DEVELOPMENT_TEAM = MQU4CU9NLX;
				GENERATE_INFOPLIST_FILE = YES;
				IPHONEOS_DEPLOYMENT_TARGET = 16.4;
				MACOSX_DEPLOYMENT_TARGET = 13.3;
				MARKETING_VERSION = 1.0;
				PRODUCT_BUNDLE_IDENTIFIER = kinestex.kindasmart.KinesteXSDKUITests;
				PRODUCT_NAME = "$(TARGET_NAME)";
				SDKROOT = auto;
				SUPPORTED_PLATFORMS = "iphoneos iphonesimulator macosx";
				SWIFT_EMIT_LOC_STRINGS = NO;
				SWIFT_VERSION = 5.0;
				TARGETED_DEVICE_FAMILY = "1,2";
				TEST_TARGET_NAME = KinesteXSDK;
			};
			name = Debug;
		};
		AB02966A2A321DC6009A1AC1 /* Release */ = {
			isa = XCBuildConfiguration;
			buildSettings = {
				ALWAYS_EMBED_SWIFT_STANDARD_LIBRARIES = YES;
				CODE_SIGN_STYLE = Automatic;
				CURRENT_PROJECT_VERSION = 1;
				DEVELOPMENT_TEAM = MQU4CU9NLX;
				GENERATE_INFOPLIST_FILE = YES;
				IPHONEOS_DEPLOYMENT_TARGET = 16.4;
				MACOSX_DEPLOYMENT_TARGET = 13.3;
				MARKETING_VERSION = 1.0;
				PRODUCT_BUNDLE_IDENTIFIER = kinestex.kindasmart.KinesteXSDKUITests;
				PRODUCT_NAME = "$(TARGET_NAME)";
				SDKROOT = auto;
				SUPPORTED_PLATFORMS = "iphoneos iphonesimulator macosx";
				SWIFT_EMIT_LOC_STRINGS = NO;
				SWIFT_VERSION = 5.0;
				TARGETED_DEVICE_FAMILY = "1,2";
				TEST_TARGET_NAME = KinesteXSDK;
			};
			name = Release;
		};
/* End XCBuildConfiguration section */

/* Begin XCConfigurationList section */
		AB0296382A321DC5009A1AC1 /* Build configuration list for PBXProject "KinesteXSDK" */ = {
			isa = XCConfigurationList;
			buildConfigurations = (
				AB0296602A321DC6009A1AC1 /* Debug */,
				AB0296612A321DC6009A1AC1 /* Release */,
			);
			defaultConfigurationIsVisible = 0;
			defaultConfigurationName = Release;
		};
		AB0296622A321DC6009A1AC1 /* Build configuration list for PBXNativeTarget "KinesteXSDK" */ = {
			isa = XCConfigurationList;
			buildConfigurations = (
				AB0296632A321DC6009A1AC1 /* Debug */,
				AB0296642A321DC6009A1AC1 /* Release */,
			);
			defaultConfigurationIsVisible = 0;
			defaultConfigurationName = Release;
		};
		AB0296652A321DC6009A1AC1 /* Build configuration list for PBXNativeTarget "KinesteXSDKTests" */ = {
			isa = XCConfigurationList;
			buildConfigurations = (
				AB0296662A321DC6009A1AC1 /* Debug */,
				AB0296672A321DC6009A1AC1 /* Release */,
			);
			defaultConfigurationIsVisible = 0;
			defaultConfigurationName = Release;
		};
		AB0296682A321DC6009A1AC1 /* Build configuration list for PBXNativeTarget "KinesteXSDKUITests" */ = {
			isa = XCConfigurationList;
			buildConfigurations = (
				AB0296692A321DC6009A1AC1 /* Debug */,
				AB02966A2A321DC6009A1AC1 /* Release */,
			);
			defaultConfigurationIsVisible = 0;
			defaultConfigurationName = Release;
		};
/* End XCConfigurationList section */
	};
	rootObject = AB0296352A321DC5009A1AC1 /* Project object */;
}
